{
  "originHash" : "86df600504757c382f37b85f33e7a4bf9bf39f2cb4b64a4e83f64df7d852815a",
  "pins" : [
    {
      "identity" : "binarycodable",
      "kind" : "remoteSourceControl",
      "location" : "https://github.com/christophhagen/BinaryCodable",
      "state" : {
        "revision" : "f4bdd82c5da4a825634bd32c3b2ef70faa773143",
        "version" : "3.0.3"
      }
    },
    {
      "identity" : "tncamerabase",
      "kind" : "remoteSourceControl",
      "location" : "https://github.com/ThinhNguyenRS/TnCameraBase",
      "state" : {
        "branch" : "main",
        "revision" : "922d525b4501172cd91cf4736ccdc488a56f9967"
      }
    },
    {
      "identity" : "tniosbase",
      "kind" : "remoteSourceControl",
      "location" : "https://github.com/ThinhNguyenRS/TnIosBase",
      "state" : {
        "branch" : "main",
        "revision" : "c1c873da24e3fce521c33d733cfeabaa8e62f021"
      }
    },
    {
      "identity" : "transcoding",
      "kind" : "remoteSourceControl",
      "location" : "https://github.com/finnvoor/Transcoding",
      "state" : {
        "revision" : "72fe5ef3054eb0e1639ae9a9b49a92811fb251b2",
        "version" : "0.0.1"
      }
    }
  ],
  "version" : 3
}
